
Microsoft Visual Studio Solution File, Format Version 12.00
Project("{FAE04EC0-301F-11D3-BF4B-00C04F79EFBC}") = "datingApp", "datingApp\datingApp.csproj", "{32341102-8A2F-45B0-83E8-B87DCC673753}"
EndProject
Global
	GlobalSection(SolutionConfigurationPlatforms) = preSolution
		Debug|Any CPU = Debug|Any CPU
		Release|Any CPU = Release|Any CPU
	EndGlobalSection
	GlobalSection(ProjectConfigurationPlatforms) = postSolution
		{32341102-8A2F-45B0-83E8-B87DCC673753}.Debug|Any CPU.ActiveCfg = Debug|Any CPU
		{32341102-8A2F-45B0-83E8-B87DCC673753}.Debug|Any CPU.Build.0 = Debug|Any CPU
		{32341102-8A2F-45B0-83E8-B87DCC673753}.Release|Any CPU.ActiveCfg = Release|Any CPU
		{32341102-8A2F-45B0-83E8-B87DCC673753}.Release|Any CPU.Build.0 = Release|Any CPU
	EndGlobalSection
EndGlobal
